{
  "version": "2",
  "remote": {
    "https://deno.land/std@0.177.0/_util/asserts.ts": "178dfc49a464aee693a7e285567b3d0b555dc805ff490505a8aae34f9cfb1462",
    "https://deno.land/std@0.177.0/_util/os.ts": "d932f56d41e4f6a6093d56044e29ce637f8dcc43c5a90af43504a889cf1775e3",
    "https://deno.land/std@0.177.0/datetime/_common.ts": "f5c1cb784c616151a3d8198a4ab29f65b7fe5c20a105d8979bde9558c7b52910",
    "https://deno.land/std@0.177.0/datetime/constants.ts": "0e91a7019814e6df5ebb710b09aceb79f52cbc618bb06b34431f4f8b89d79505",
    "https://deno.land/std@0.177.0/datetime/day_of_year.ts": "f9b9c8f1958e843fa072510fbb36e455431a3cc74ab8f39757bd0a59f4aaad10",
    "https://deno.land/std@0.177.0/datetime/difference.ts": "556a5edb807f36f0ca334f235180650ccf05dfeb94aa2573642ef20314ef101c",
    "https://deno.land/std@0.177.0/datetime/format.ts": "416807ca1971c5432bfa7d1e429b7c6360cb81fee598e8510dde6e7b0e819a57",
    "https://deno.land/std@0.177.0/datetime/is_leap.ts": "cc74a158e029ffe1dfcbdd911107a6de428ee64585b1071d8fd4e1a997670d30",
    "https://deno.land/std@0.177.0/datetime/mod.ts": "858d0d695b3a391a9c5faa561e46813e346feaef65bd6ddadb7ee2e65ac4e5a8",
    "https://deno.land/std@0.177.0/datetime/parse.ts": "b0af5e272382e516f34dddf9dd1eda31f1197bdf8ee2ff7d93505073e97bd76b",
    "https://deno.land/std@0.177.0/datetime/to_imf.ts": "851d072a1c86c7ec34c753e61b1951ceda50c9da805b170a0ecaea3b024dd266",
    "https://deno.land/std@0.177.0/datetime/week_of_year.ts": "00ce4203f1efc69e2c0902ff4a4451a49d8a87a561e941b692f3b5f056f1f441",
    "https://deno.land/std@0.177.0/fmt/colors.ts": "938c5d44d889fb82eff6c358bea8baa7e85950a16c9f6dae3ec3a7a729164471",
    "https://deno.land/std@0.177.0/path/_constants.ts": "e49961f6f4f48039c0dfed3c3f93e963ca3d92791c9d478ac5b43183413136e0",
    "https://deno.land/std@0.177.0/path/_interface.ts": "6471159dfbbc357e03882c2266d21ef9afdb1e4aa771b0545e90db58a0ba314b",
    "https://deno.land/std@0.177.0/path/_util.ts": "d7abb1e0dea065f427b89156e28cdeb32b045870acdf865833ba808a73b576d0",
    "https://deno.land/std@0.177.0/path/common.ts": "ee7505ab01fd22de3963b64e46cff31f40de34f9f8de1fff6a1bd2fe79380000",
    "https://deno.land/std@0.177.0/path/glob.ts": "d479e0a695621c94d3fd7fe7abd4f9499caf32a8de13f25073451c6ef420a4e1",
    "https://deno.land/std@0.177.0/path/mod.ts": "4b83694ac500d7d31b0cdafc927080a53dc0c3027eb2895790fb155082b0d232",
    "https://deno.land/std@0.177.0/path/posix.ts": "8b7c67ac338714b30c816079303d0285dd24af6b284f7ad63da5b27372a2c94d",
    "https://deno.land/std@0.177.0/path/separator.ts": "0fb679739d0d1d7bf45b68dacfb4ec7563597a902edbaf3c59b50d5bcadd93b1",
    "https://deno.land/std@0.177.0/path/win32.ts": "d186344e5583bcbf8b18af416d13d82b35a317116e6460a5a3953508c3de5bba",
    "https://deno.land/std@0.84.0/_util/assert.ts": "2f868145a042a11d5ad0a3c748dcf580add8a0dbc0e876eaa0026303a5488f58",
    "https://deno.land/std@0.84.0/async/deferred.ts": "f89ed49ba5e1dd0227c6bd5b23f017be46c3f92e4f0338dda08ff5aa54b9f6c9",
    "https://deno.land/std@0.84.0/async/delay.ts": "9de1d8d07d1927767ab7f82434b883f3d8294fb19cad819691a2ad81a728cf3d",
    "https://deno.land/std@0.84.0/async/mod.ts": "253b41c658d768613eacfb11caa0a9ca7148442f932018a45576f7f27554c853",
    "https://deno.land/std@0.84.0/async/mux_async_iterator.ts": "b9091909db04cdb0af6f7807677372f64c1488de6c4bd86004511b064bf230d6",
    "https://deno.land/std@0.84.0/async/pool.ts": "35db39af9325252a726761953ca4fed8f5483c95630bbb29c7c5ccc18e536c85",
    "https://deno.land/std@0.84.0/fmt/colors.ts": "d253f2367e5feebcf0f49676533949c09ea07a2d95fb74958f6f5c1c22fbec49",
    "https://deno.land/std@0.84.0/node/_utils.ts": "4a17b9e6dacb351d6919bd1d53630c08db5de63948c2495a48173a60167de207",
    "https://deno.land/std@0.84.0/node/events.ts": "2a23d0bacde61df5c70b694ba66f34f1aea0b1ab7a83f6861e0316ebb462583a",
    "https://deno.land/std@0.84.0/testing/_diff.ts": "961eaf6d9f5b0a8556c9d835bbc6fa74f5addd7d3b02728ba7936ff93364f7a3",
    "https://deno.land/std@0.84.0/testing/asserts.ts": "de942b2e1cb6dac1c1c4a7b698be017337e2e2cc2252ae0a6d215c5befde1e82",
    "https://deno.land/x/tcp_socket@0.0.2/lib/client.ts": "6e218257b347e4b9cd06759e7c7404807c54460ec9ab80edc4ac665f7c974b83",
    "https://deno.land/x/tcp_socket@0.0.2/lib/packet.ts": "e8507527ac89fda88008d86577dcf87cb3a94cd5a708c062267830911524e770",
    "https://deno.land/x/tcp_socket@0.0.2/lib/server.ts": "69d57ff6244bfbd90340aa70abf513710275a4ba21b382dbff3a497c2f9d6dc7",
    "https://deno.land/x/tcp_socket@0.0.2/lib/types.ts": "1807ca582f67f6c79b507930bbcf18a854d597e2c4160d8b698017a4c039d264",
    "https://deno.land/x/tcp_socket@0.0.2/mods.ts": "b20d008bde4dfa24bb29efedabd3825574dcbc9511ed3247336dadb9a082ed63"
  }
}
